{
  "name": "2s",
  "version": "1.0.0",
  "lockfileVersion": 3,
  "requires": true,
  "packages": {
    "": {
      "name": "2s",
      "version": "1.0.0",
      "license": "ISC",
      "dependencies": {
        "@alleyford/nodeaf": "file:../nodeaf",
        "aiaf": "file:../aiaf"
      }
    },
    "../aiaf": {
      "version": "1.0.0",
      "license": "ISC"
    },
    "../nodeaf": {
      "name": "@alleyford/nodeaf",
      "version": "2.0.0",
      "license": "ISC",
      "dependencies": {
        "better-queue": "^3.8.12",
        "csv": "^6.0.5",
        "csv-writer": "^1.6.0",
        "node-fetch": "^2.6.9"
      },
      "engines": {
        "node": ">=18.0.0"
      }
    },
    "node_modules/@alleyford/nodeaf": {
      "resolved": "../nodeaf",
      "link": true
    },
    "node_modules/aiaf": {
      "resolved": "../aiaf",
      "link": true
    }
  }
}
