{
  "name": "2S: Visual Data Streaming",
  "version": "1.0.0",
  "lockfileVersion": 3,
  "requires": true,
  "packages": {
    "": {
      "name": "2S: Visual Data Streaming",
      "version": "1.0.0",
      "license": "ISC"
    },
    "../aiaf": {
      "version": "1.0.0",
      "extraneous": true,
      "license": "ISC"
    },
    "../nodeaf": {
      "name": "@alleyford/nodeaf",
      "version": "2.0.0",
      "extraneous": true,
      "license": "ISC",
      "dependencies": {
        "better-queue": "^3.8.12",
        "csv": "^6.0.5",
        "csv-writer": "^1.6.0"
      },
      "engines": {
        "node": ">=18.0.0"
      }
    }
  }
}
